{
  "name": "@valtech-commerce/json-to-scss",
  "version": "2.0.0",
  "lockfileVersion": 2,
  "requires": true,
  "packages": {
    "": {
      "name": "@valtech-commerce/json-to-scss",
      "version": "2.0.0",
      "license": "MIT",
      "dependencies": {
        "lodash.foreach": "^4.5.0",
        "lodash.mapkeys": "^4.6.0"
      },
      "engines": {
        "node": ">= 16"
      }
    },
    "node_modules/lodash.foreach": {
      "version": "4.5.0",
      "resolved": "https://registry.npmjs.org/lodash.foreach/-/lodash.foreach-4.5.0.tgz",
      "integrity": "sha512-aEXTF4d+m05rVOAUG3z4vZZ4xVexLKZGF0lIxuHZ1Hplpk/3B6Z1+/ICICYRLm7c41Z2xiejbkCkJoTlypoXhQ=="
    },
    "node_modules/lodash.mapkeys": {
      "version": "4.6.0",
      "resolved": "https://registry.npmjs.org/lodash.mapkeys/-/lodash.mapkeys-4.6.0.tgz",
      "integrity": "sha512-0Al+hxpYvONWtg+ZqHpa/GaVzxuN3V7Xeo2p+bY06EaK/n+Y9R7nBePPN2o1LxmL0TWQSwP8LYZ008/hc9JzhA=="
    }
  },
  "dependencies": {
    "lodash.foreach": {
      "version": "4.5.0",
      "resolved": "https://registry.npmjs.org/lodash.foreach/-/lodash.foreach-4.5.0.tgz",
      "integrity": "sha512-aEXTF4d+m05rVOAUG3z4vZZ4xVexLKZGF0lIxuHZ1Hplpk/3B6Z1+/ICICYRLm7c41Z2xiejbkCkJoTlypoXhQ=="
    },
    "lodash.mapkeys": {
      "version": "4.6.0",
      "resolved": "https://registry.npmjs.org/lodash.mapkeys/-/lodash.mapkeys-4.6.0.tgz",
      "integrity": "sha512-0Al+hxpYvONWtg+ZqHpa/GaVzxuN3V7Xeo2p+bY06EaK/n+Y9R7nBePPN2o1LxmL0TWQSwP8LYZ008/hc9JzhA=="
    }
  }
}
